
Microsoft Visual Studio Solution File, Format Version 12.00
# Visual Studio 2013
VisualStudioVersion = 12.0.40629.0
MinimumVisualStudioVersion = 10.0.40219.1
Project("{FAE04EC0-301F-11D3-BF4B-00C04F79EFBC}") = "StudentsManager", "StudentsManager\StudentsManager.csproj", "{8FF361A0-58F0-4650-9715-C7E6C522EAEE}"
EndProject
Project("{FAE04EC0-301F-11D3-BF4B-00C04F79EFBC}") = "Models", "Model\Models.csproj", "{9EE87398-E96B-48E0-B793-0316EEBDFD36}"
EndProject
Project("{FAE04EC0-301F-11D3-BF4B-00C04F79EFBC}") = "DataAccess", "DataAccess\DataAccess.csproj", "{4589D56F-07F9-49D6-B100-49B3781F5E4E}"
EndProject
Project("{FAE04EC0-301F-11D3-BF4B-00C04F79EFBC}") = "MvvmFramework", "MvvmFramework\MvvmFramework.csproj", "{4578EE5E-F5FA-4376-96A2-311AD2BBF4C9}"
EndProject
Project("{FAE04EC0-301F-11D3-BF4B-00C04F79EFBC}") = "ViewModels", "ViewModels\ViewModels.csproj", "{C8296EFF-734B-4D63-BB12-60E7D0778314}"
EndProject
Global
	GlobalSection(SolutionConfigurationPlatforms) = preSolution
		Debug|Any CPU = Debug|Any CPU
		Release|Any CPU = Release|Any CPU
	EndGlobalSection
	GlobalSection(ProjectConfigurationPlatforms) = postSolution
		{8FF361A0-58F0-4650-9715-C7E6C522EAEE}.Debug|Any CPU.ActiveCfg = Debug|Any CPU
		{8FF361A0-58F0-4650-9715-C7E6C522EAEE}.Debug|Any CPU.Build.0 = Debug|Any CPU
		{8FF361A0-58F0-4650-9715-C7E6C522EAEE}.Release|Any CPU.ActiveCfg = Release|Any CPU
		{8FF361A0-58F0-4650-9715-C7E6C522EAEE}.Release|Any CPU.Build.0 = Release|Any CPU
		{9EE87398-E96B-48E0-B793-0316EEBDFD36}.Debug|Any CPU.ActiveCfg = Debug|Any CPU
		{9EE87398-E96B-48E0-B793-0316EEBDFD36}.Debug|Any CPU.Build.0 = Debug|Any CPU
		{9EE87398-E96B-48E0-B793-0316EEBDFD36}.Release|Any CPU.ActiveCfg = Release|Any CPU
		{9EE87398-E96B-48E0-B793-0316EEBDFD36}.Release|Any CPU.Build.0 = Release|Any CPU
		{4589D56F-07F9-49D6-B100-49B3781F5E4E}.Debug|Any CPU.ActiveCfg = Debug|Any CPU
		{4589D56F-07F9-49D6-B100-49B3781F5E4E}.Debug|Any CPU.Build.0 = Debug|Any CPU
		{4589D56F-07F9-49D6-B100-49B3781F5E4E}.Release|Any CPU.ActiveCfg = Release|Any CPU
		{4589D56F-07F9-49D6-B100-49B3781F5E4E}.Release|Any CPU.Build.0 = Release|Any CPU
		{4578EE5E-F5FA-4376-96A2-311AD2BBF4C9}.Debug|Any CPU.ActiveCfg = Debug|Any CPU
		{4578EE5E-F5FA-4376-96A2-311AD2BBF4C9}.Debug|Any CPU.Build.0 = Debug|Any CPU
		{4578EE5E-F5FA-4376-96A2-311AD2BBF4C9}.Release|Any CPU.ActiveCfg = Release|Any CPU
		{4578EE5E-F5FA-4376-96A2-311AD2BBF4C9}.Release|Any CPU.Build.0 = Release|Any CPU
		{C8296EFF-734B-4D63-BB12-60E7D0778314}.Debug|Any CPU.ActiveCfg = Debug|Any CPU
		{C8296EFF-734B-4D63-BB12-60E7D0778314}.Debug|Any CPU.Build.0 = Debug|Any CPU
		{C8296EFF-734B-4D63-BB12-60E7D0778314}.Release|Any CPU.ActiveCfg = Release|Any CPU
		{C8296EFF-734B-4D63-BB12-60E7D0778314}.Release|Any CPU.Build.0 = Release|Any CPU
	EndGlobalSection
	GlobalSection(SolutionProperties) = preSolution
		HideSolutionNode = FALSE
	EndGlobalSection
EndGlobal
